// !$*UTF8*$!
{
	archiveVersion = 1;
	classes = {
	};
	objectVersion = 50;
	objects = {

/* Begin PBXBuildFile section */
		04C4E5D42516482A00A2BD8F /* AppDelegate.swift in Sources */ = {isa = PBXBuildFile; fileRef = 04C4E5D32516482A00A2BD8F /* AppDelegate.swift */; };
		04C4E5D62516482A00A2BD8F /* SceneDelegate.swift in Sources */ = {isa = PBXBuildFile; fileRef = 04C4E5D52516482A00A2BD8F /* SceneDelegate.swift */; };
		04C4E5DB2516482A00A2BD8F /* Main.storyboard in Resources */ = {isa = PBXBuildFile; fileRef = 04C4E5D92516482A00A2BD8F /* Main.storyboard */; };
		04C4E5DD2516482D00A2BD8F /* Assets.xcassets in Resources */ = {isa = PBXBuildFile; fileRef = 04C4E5DC2516482D00A2BD8F /* Assets.xcassets */; };
		04C4E5E02516482D00A2BD8F /* LaunchScreen.storyboard in Resources */ = {isa = PBXBuildFile; fileRef = 04C4E5DE2516482D00A2BD8F /* LaunchScreen.storyboard */; };
		04C4E5EB2516482D00A2BD8F /* LicensePlateRecognitionTests.swift in Sources */ = {isa = PBXBuildFile; fileRef = 04C4E5EA2516482D00A2BD8F /* LicensePlateRecognitionTests.swift */; };
		04CE18B92516494C00D9CA4E /* AVCaptureViewController.swift in Sources */ = {isa = PBXBuildFile; fileRef = 04CE18B82516494C00D9CA4E /* AVCaptureViewController.swift */; };
		04CE18BB25164BC700D9CA4E /* Helpers.swift in Sources */ = {isa = PBXBuildFile; fileRef = 04CE18BA25164BC700D9CA4E /* Helpers.swift */; };
		04CE18BD2516509800D9CA4E /* LicensePlateDetector.mlmodel in Sources */ = {isa = PBXBuildFile; fileRef = 04CE18BC2516509800D9CA4E /* LicensePlateDetector.mlmodel */; };
		04CE18BF251652FE00D9CA4E /* LPRViewController.swift in Sources */ = {isa = PBXBuildFile; fileRef = 04CE18BE251652FE00D9CA4E /* LPRViewController.swift */; };
/* End PBXBuildFile section */

/* Begin PBXContainerItemProxy section */
		04C4E5E72516482D00A2BD8F /* PBXContainerItemProxy */ = {
			isa = PBXContainerItemProxy;
			containerPortal = 04C4E5C82516482A00A2BD8F /* Project object */;
			proxyType = 1;
			remoteGlobalIDString = 04C4E5CF2516482A00A2BD8F;
			remoteInfo = LicensePlateRecognition;
		};
/* End PBXContainerItemProxy section */

/* Begin PBXFileReference section */
		04C4E5D02516482A00A2BD8F /* LicensePlateRecognition.app */ = {isa = PBXFileReference; explicitFileType = wrapper.application; includeInIndex = 0; path = LicensePlateRecognition.app; sourceTree = BUILT_PRODUCTS_DIR; };
		04C4E5D32516482A00A2BD8F /* AppDelegate.swift */ = {isa = PBXFileReference; lastKnownFileType = sourcecode.swift; path = AppDelegate.swift; sourceTree = "<group>"; };
		04C4E5D52516482A00A2BD8F /* SceneDelegate.swift */ = {isa = PBXFileReference; lastKnownFileType = sourcecode.swift; path = SceneDelegate.swift; sourceTree = "<group>"; };
		04C4E5DA2516482A00A2BD8F /* Base */ = {isa = PBXFileReference; lastKnownFileType = file.storyboard; name = Base; path = Base.lproj/Main.storyboard; sourceTree = "<group>"; };
		04C4E5DC2516482D00A2BD8F /* Assets.xcassets */ = {isa = PBXFileReference; lastKnownFileType = folder.assetcatalog; path = Assets.xcassets; sourceTree = "<group>"; };
		04C4E5DF2516482D00A2BD8F /* Base */ = {isa = PBXFileReference; lastKnownFileType = file.storyboard; name = Base; path = Base.lproj/LaunchScreen.storyboard; sourceTree = "<group>"; };
		04C4E5E12516482D00A2BD8F /* Info.plist */ = {isa = PBXFileReference; lastKnownFileType = text.plist.xml; path = Info.plist; sourceTree = "<group>"; };
		04C4E5E62516482D00A2BD8F /* LicensePlateRecognitionTests.xctest */ = {isa = PBXFileReference; explicitFileType = wrapper.cfbundle; includeInIndex = 0; path = LicensePlateRecognitionTests.xctest; sourceTree = BUILT_PRODUCTS_DIR; };
		04C4E5EA2516482D00A2BD8F /* LicensePlateRecognitionTests.swift */ = {isa = PBXFileReference; lastKnownFileType = sourcecode.swift; path = LicensePlateRecognitionTests.swift; sourceTree = "<group>"; };
		04C4E5EC2516482D00A2BD8F /* Info.plist */ = {isa = PBXFileReference; lastKnownFileType = text.plist.xml; path = Info.plist; sourceTree = "<group>"; };
		04CE18B82516494C00D9CA4E /* AVCaptureViewController.swift */ = {isa = PBXFileReference; lastKnownFileType = sourcecode.swift; path = AVCaptureViewController.swift; sourceTree = "<group>"; };
		04CE18BA25164BC700D9CA4E /* Helpers.swift */ = {isa = PBXFileReference; lastKnownFileType = sourcecode.swift; path = Helpers.swift; sourceTree = "<group>"; };
		04CE18BC2516509800D9CA4E /* LicensePlateDetector.mlmodel */ = {isa = PBXFileReference; lastKnownFileType = file.mlmodel; path = LicensePlateDetector.mlmodel; sourceTree = "<group>"; };
		04CE18BE251652FE00D9CA4E /* LPRViewController.swift */ = {isa = PBXFileReference; lastKnownFileType = sourcecode.swift; path = LPRViewController.swift; sourceTree = "<group>"; };
/* End PBXFileReference section */

/* Begin PBXFrameworksBuildPhase section */
		04C4E5CD2516482A00A2BD8F /* Frameworks */ = {
			isa = PBXFrameworksBuildPhase;
			buildActionMask = 2147483647;
			files = (
			);
			runOnlyForDeploymentPostprocessing = 0;
		};
		04C4E5E32516482D00A2BD8F /* Frameworks */ = {
			isa = PBXFrameworksBuildPhase;
			buildActionMask = 2147483647;
			files = (
			);
			runOnlyForDeploymentPostprocessing = 0;
		};
/* End PBXFrameworksBuildPhase section */

/* Begin PBXGroup section */
		04C4E5C72516482A00A2BD8F = {
			isa = PBXGroup;
			children = (
				04C4E5D22516482A00A2BD8F /* LicensePlateRecognition */,
				04C4E5E92516482D00A2BD8F /* LicensePlateRecognitionTests */,
				04C4E5D12516482A00A2BD8F /* Products */,
			);
			sourceTree = "<group>";
		};
		04C4E5D12516482A00A2BD8F /* Products */ = {
			isa = PBXGroup;
			children = (
				04C4E5D02516482A00A2BD8F /* LicensePlateRecognition.app */,
				04C4E5E62516482D00A2BD8F /* LicensePlateRecognitionTests.xctest */,
			);
			name = Products;
			sourceTree = "<group>";
		};
		04C4E5D22516482A00A2BD8F /* LicensePlateRecognition */ = {
			isa = PBXGroup;
			children = (
				04C4E5D32516482A00A2BD8F /* AppDelegate.swift */,
				04C4E5D52516482A00A2BD8F /* SceneDelegate.swift */,
				04CE18B82516494C00D9CA4E /* AVCaptureViewController.swift */,
				04CE18BE251652FE00D9CA4E /* LPRViewController.swift */,
				04CE18BA25164BC700D9CA4E /* Helpers.swift */,
				04C4E5D92516482A00A2BD8F /* Main.storyboard */,
				04CE18BC2516509800D9CA4E /* LicensePlateDetector.mlmodel */,
				04C4E5DC2516482D00A2BD8F /* Assets.xcassets */,
				04C4E5DE2516482D00A2BD8F /* LaunchScreen.storyboard */,
				04C4E5E12516482D00A2BD8F /* Info.plist */,
			);
			path = LicensePlateRecognition;
			sourceTree = "<group>";
		};
		04C4E5E92516482D00A2BD8F /* LicensePlateRecognitionTests */ = {
			isa = PBXGroup;
			children = (
				04C4E5EA2516482D00A2BD8F /* LicensePlateRecognitionTests.swift */,
				04C4E5EC2516482D00A2BD8F /* Info.plist */,
			);
			path = LicensePlateRecognitionTests;
			sourceTree = "<group>";
		};
/* End PBXGroup section */

/* Begin PBXNativeTarget section */
		04C4E5CF2516482A00A2BD8F /* LicensePlateRecognition */ = {
			isa = PBXNativeTarget;
			buildConfigurationList = 04C4E5EF2516482D00A2BD8F /* Build configuration list for PBXNativeTarget "LicensePlateRecognition" */;
			buildPhases = (
				04C4E5CC2516482A00A2BD8F /* Sources */,
				04C4E5CD2516482A00A2BD8F /* Frameworks */,
				04C4E5CE2516482A00A2BD8F /* Resources */,
			);
			buildRules = (
			);
			dependencies = (
			);
			name = LicensePlateRecognition;
			productName = LicensePlateRecognition;
			productReference = 04C4E5D02516482A00A2BD8F /* LicensePlateRecognition.app */;
			productType = "com.apple.product-type.application";
		};
		04C4E5E52516482D00A2BD8F /* LicensePlateRecognitionTests */ = {
			isa = PBXNativeTarget;
			buildConfigurationList = 04C4E5F22516482D00A2BD8F /* Build configuration list for PBXNativeTarget "LicensePlateRecognitionTests" */;
			buildPhases = (
				04C4E5E22516482D00A2BD8F /* Sources */,
				04C4E5E32516482D00A2BD8F /* Frameworks */,
				04C4E5E42516482D00A2BD8F /* Resources */,
			);
			buildRules = (
			);
			dependencies = (
				04C4E5E82516482D00A2BD8F /* PBXTargetDependency */,
			);
			name = LicensePlateRecognitionTests;
			productName = LicensePlateRecognitionTests;
			productReference = 04C4E5E62516482D00A2BD8F /* LicensePlateRecognitionTests.xctest */;
			productType = "com.apple.product-type.bundle.unit-test";
		};
/* End PBXNativeTarget section */

/* Begin PBXProject section */
		04C4E5C82516482A00A2BD8F /* Project object */ = {
			isa = PBXProject;
			attributes = {
				LastSwiftUpdateCheck = 1160;
				LastUpgradeCheck = 1160;
				ORGANIZATIONNAME = "Swift Student";
				TargetAttributes = {
					04C4E5CF2516482A00A2BD8F = {
						CreatedOnToolsVersion = 11.6;
					};
					04C4E5E52516482D00A2BD8F = {
						CreatedOnToolsVersion = 11.6;
						TestTargetID = 04C4E5CF2516482A00A2BD8F;
					};
				};
			};
			buildConfigurationList = 04C4E5CB2516482A00A2BD8F /* Build configuration list for PBXProject "LicensePlateRecognition" */;
			compatibilityVersion = "Xcode 9.3";
			developmentRegion = en;
			hasScannedForEncodings = 0;
			knownRegions = (
				en,
				Base,
			);
			mainGroup = 04C4E5C72516482A00A2BD8F;
			productRefGroup = 04C4E5D12516482A00A2BD8F /* Products */;
			projectDirPath = "";
			projectRoot = "";
			targets = (
				04C4E5CF2516482A00A2BD8F /* LicensePlateRecognition */,
				04C4E5E52516482D00A2BD8F /* LicensePlateRecognitionTests */,
			);
		};
/* End PBXProject section */

/* Begin PBXResourcesBuildPhase section */
		04C4E5CE2516482A00A2BD8F /* Resources */ = {
			isa = PBXResourcesBuildPhase;
			buildActionMask = 2147483647;
			files = (
				04C4E5E02516482D00A2BD8F /* LaunchScreen.storyboard in Resources */,
				04C4E5DD2516482D00A2BD8F /* Assets.xcassets in Resources */,
				04C4E5DB2516482A00A2BD8F /* Main.storyboard in Resources */,
			);
			runOnlyForDeploymentPostprocessing = 0;
		};
		04C4E5E42516482D00A2BD8F /* Resources */ = {
			isa = PBXResourcesBuildPhase;
			buildActionMask = 2147483647;
			files = (
			);
			runOnlyForDeploymentPostprocessing = 0;
		};
/* End PBXResourcesBuildPhase section */

/* Begin PBXSourcesBuildPhase section */
		04C4E5CC2516482A00A2BD8F /* Sources */ = {
			isa = PBXSourcesBuildPhase;
			buildActionMask = 2147483647;
			files = (
				04CE18BD2516509800D9CA4E /* LicensePlateDetector.mlmodel in Sources */,
				04C4E5D42516482A00A2BD8F /* AppDelegate.swift in Sources */,
				04CE18BF251652FE00D9CA4E /* LPRViewController.swift in Sources */,
				04CE18B92516494C00D9CA4E /* AVCaptureViewController.swift in Sources */,
				04CE18BB25164BC700D9CA4E /* Helpers.swift in Sources */,
				04C4E5D62516482A00A2BD8F /* SceneDelegate.swift in Sources */,
			);
			runOnlyForDeploymentPostprocessing = 0;
		};
		04C4E5E22516482D00A2BD8F /* Sources */ = {
			isa = PBXSourcesBuildPhase;
			buildActionMask = 2147483647;
			files = (
				04C4E5EB2516482D00A2BD8F /* LicensePlateRecognitionTests.swift in Sources */,
			);
			runOnlyForDeploymentPostprocessing = 0;
		};
/* End PBXSourcesBuildPhase section */

/* Begin PBXTargetDependency section */
		04C4E5E82516482D00A2BD8F /* PBXTargetDependency */ = {
			isa = PBXTargetDependency;
			target = 04C4E5CF2516482A00A2BD8F /* LicensePlateRecognition */;
			targetProxy = 04C4E5E72516482D00A2BD8F /* PBXContainerItemProxy */;
		};
/* End PBXTargetDependency section */

/* Begin PBXVariantGroup section */
		04C4E5D92516482A00A2BD8F /* Main.storyboard */ = {
			isa = PBXVariantGroup;
			children = (
				04C4E5DA2516482A00A2BD8F /* Base */,
			);
			name = Main.storyboard;
			sourceTree = "<group>";
		};
		04C4E5DE2516482D00A2BD8F /* LaunchScreen.storyboard */ = {
			isa = PBXVariantGroup;
			children = (
				04C4E5DF2516482D00A2BD8F /* Base */,
			);
			name = LaunchScreen.storyboard;
			sourceTree = "<group>";
		};
/* End PBXVariantGroup section */

/* Begin XCBuildConfiguration section */
		04C4E5ED2516482D00A2BD8F /* Debug */ = {
			isa = XCBuildConfiguration;
			buildSettings = {
				ALWAYS_SEARCH_USER_PATHS = NO;
				CLANG_ANALYZER_NONNULL = YES;
				CLANG_ANALYZER_NUMBER_OBJECT_CONVERSION = YES_AGGRESSIVE;
				CLANG_CXX_LANGUAGE_STANDARD = "gnu++14";
				CLANG_CXX_LIBRARY = "libc++";
				CLANG_ENABLE_MODULES = YES;
				CLANG_ENABLE_OBJC_ARC = YES;
				CLANG_ENABLE_OBJC_WEAK = YES;
				CLANG_WARN_BLOCK_CAPTURE_AUTORELEASING = YES;
				CLANG_WARN_BOOL_CONVERSION = YES;
				CLANG_WARN_COMMA = YES;
				CLANG_WARN_CONSTANT_CONVERSION = YES;
				CLANG_WARN_DEPRECATED_OBJC_IMPLEMENTATIONS = YES;
				CLANG_WARN_DIRECT_OBJC_ISA_USAGE = YES_ERROR;
				CLANG_WARN_DOCUMENTATION_COMMENTS = YES;
				CLANG_WARN_EMPTY_BODY = YES;
				CLANG_WARN_ENUM_CONVERSION = YES;
				CLANG_WARN_INFINITE_RECURSION = YES;
				CLANG_WARN_INT_CONVERSION = YES;
				CLANG_WARN_NON_LITERAL_NULL_CONVERSION = YES;
				CLANG_WARN_OBJC_IMPLICIT_RETAIN_SELF = YES;
				CLANG_WARN_OBJC_LITERAL_CONVERSION = YES;
				CLANG_WARN_OBJC_ROOT_CLASS = YES_ERROR;
				CLANG_WARN_RANGE_LOOP_ANALYSIS = YES;
				CLANG_WARN_STRICT_PROTOTYPES = YES;
				CLANG_WARN_SUSPICIOUS_MOVE = YES;
				CLANG_WARN_UNGUARDED_AVAILABILITY = YES_AGGRESSIVE;
				CLANG_WARN_UNREACHABLE_CODE = YES;
				CLANG_WARN__DUPLICATE_METHOD_MATCH = YES;
				COPY_PHASE_STRIP = NO;
				DEBUG_INFORMATION_FORMAT = dwarf;
				ENABLE_STRICT_OBJC_MSGSEND = YES;
				ENABLE_TESTABILITY = YES;
				GCC_C_LANGUAGE_STANDARD = gnu11;
				GCC_DYNAMIC_NO_PIC = NO;
				GCC_NO_COMMON_BLOCKS = YES;
				GCC_OPTIMIZATION_LEVEL = 0;
				GCC_PREPROCESSOR_DEFINITIONS = (
					"DEBUG=1",
					"$(inherited)",
				);
				GCC_WARN_64_TO_32_BIT_CONVERSION = YES;
				GCC_WARN_ABOUT_RETURN_TYPE = YES_ERROR;
				GCC_WARN_UNDECLARED_SELECTOR = YES;
				GCC_WARN_UNINITIALIZED_AUTOS = YES_AGGRESSIVE;
				GCC_WARN_UNUSED_FUNCTION = YES;
				GCC_WARN_UNUSED_VARIABLE = YES;
				IPHONEOS_DEPLOYMENT_TARGET = 13.6;
				MTL_ENABLE_DEBUG_INFO = INCLUDE_SOURCE;
				MTL_FAST_MATH = YES;
				ONLY_ACTIVE_ARCH = YES;
				SDKROOT = iphoneos;
				SWIFT_ACTIVE_COMPILATION_CONDITIONS = DEBUG;
				SWIFT_OPTIMIZATION_LEVEL = "-Onone";
			};
			name = Debug;
		};
		04C4E5EE2516482D00A2BD8F /* Release */ = {
			isa = XCBuildConfiguration;
			buildSettings = {
				ALWAYS_SEARCH_USER_PATHS = NO;
				CLANG_ANALYZER_NONNULL = YES;
				CLANG_ANALYZER_NUMBER_OBJECT_CONVERSION = YES_AGGRESSIVE;
				CLANG_CXX_LANGUAGE_STANDARD = "gnu++14";
				CLANG_CXX_LIBRARY = "libc++";
				CLANG_ENABLE_MODULES = YES;
				CLANG_ENABLE_OBJC_ARC = YES;
				CLANG_ENABLE_OBJC_WEAK = YES;
				CLANG_WARN_BLOCK_CAPTURE_AUTORELEASING = YES;
				CLANG_WARN_BOOL_CONVERSION = YES;
				CLANG_WARN_COMMA = YES;
				CLANG_WARN_CONSTANT_CONVERSION = YES;
				CLANG_WARN_DEPRECATED_OBJC_IMPLEMENTATIONS = YES;
				CLANG_WARN_DIRECT_OBJC_ISA_USAGE = YES_ERROR;
				CLANG_WARN_DOCUMENTATION_COMMENTS = YES;
				CLANG_WARN_EMPTY_BODY = YES;
				CLANG_WARN_ENUM_CONVERSION = YES;
				CLANG_WARN_INFINITE_RECURSION = YES;
				CLANG_WARN_INT_CONVERSION = YES;
				CLANG_WARN_NON_LITERAL_NULL_CONVERSION = YES;
				CLANG_WARN_OBJC_IMPLICIT_RETAIN_SELF = YES;
				CLANG_WARN_OBJC_LITERAL_CONVERSION = YES;
				CLANG_WARN_OBJC_ROOT_CLASS = YES_ERROR;
				CLANG_WARN_RANGE_LOOP_ANALYSIS = YES;
				CLANG_WARN_STRICT_PROTOTYPES = YES;
				CLANG_WARN_SUSPICIOUS_MOVE = YES;
				CLANG_WARN_UNGUARDED_AVAILABILITY = YES_AGGRESSIVE;
				CLANG_WARN_UNREACHABLE_CODE = YES;
				CLANG_WARN__DUPLICATE_METHOD_MATCH = YES;
				COPY_PHASE_STRIP = NO;
				DEBUG_INFORMATION_FORMAT = "dwarf-with-dsym";
				ENABLE_NS_ASSERTIONS = NO;
				ENABLE_STRICT_OBJC_MSGSEND = YES;
				GCC_C_LANGUAGE_STANDARD = gnu11;
				GCC_NO_COMMON_BLOCKS = YES;
				GCC_WARN_64_TO_32_BIT_CONVERSION = YES;
				GCC_WARN_ABOUT_RETURN_TYPE = YES_ERROR;
				GCC_WARN_UNDECLARED_SELECTOR = YES;
				GCC_WARN_UNINITIALIZED_AUTOS = YES_AGGRESSIVE;
				GCC_WARN_UNUSED_FUNCTION = YES;
				GCC_WARN_UNUSED_VARIABLE = YES;
				IPHONEOS_DEPLOYMENT_TARGET = 13.6;
				MTL_ENABLE_DEBUG_INFO = NO;
				MTL_FAST_MATH = YES;
				SDKROOT = iphoneos;
				SWIFT_COMPILATION_MODE = wholemodule;
				SWIFT_OPTIMIZATION_LEVEL = "-O";
				VALIDATE_PRODUCT = YES;
			};
			name = Release;
		};
		04C4E5F02516482D00A2BD8F /* Debug */ = {
			isa = XCBuildConfiguration;
			buildSettings = {
				ASSETCATALOG_COMPILER_APPICON_NAME = AppIcon;
				CODE_SIGN_STYLE = Automatic;
				DEVELOPMENT_TEAM = 94ZMA2MYR4;
				INFOPLIST_FILE = LicensePlateRecognition/Info.plist;
				LD_RUNPATH_SEARCH_PATHS = (
					"$(inherited)",
					"@executable_path/Frameworks",
				);
				PRODUCT_BUNDLE_IDENTIFIER = com.swiftstudent.LicensePlateRecognition;
				PRODUCT_NAME = "$(TARGET_NAME)";
				SWIFT_VERSION = 5.0;
				TARGETED_DEVICE_FAMILY = "1,2";
			};
			name = Debug;
		};
		04C4E5F12516482D00A2BD8F /* Release */ = {
			isa = XCBuildConfiguration;
			buildSettings = {
				ASSETCATALOG_COMPILER_APPICON_NAME = AppIcon;
				CODE_SIGN_STYLE = Automatic;
				DEVELOPMENT_TEAM = 94ZMA2MYR4;
				INFOPLIST_FILE = LicensePlateRecognition/Info.plist;
				LD_RUNPATH_SEARCH_PATHS = (
					"$(inherited)",
					"@executable_path/Frameworks",
				);
				PRODUCT_BUNDLE_IDENTIFIER = com.swiftstudent.LicensePlateRecognition;
				PRODUCT_NAME = "$(TARGET_NAME)";
				SWIFT_VERSION = 5.0;
				TARGETED_DEVICE_FAMILY = "1,2";
			};
			name = Release;
		};
		04C4E5F32516482D00A2BD8F /* Debug */ = {
			isa = XCBuildConfiguration;
			buildSettings = {
				ALWAYS_EMBED_SWIFT_STANDARD_LIBRARIES = YES;
				BUNDLE_LOADER = "$(TEST_HOST)";
				CODE_SIGN_STYLE = Automatic;
				DEVELOPMENT_TEAM = 94ZMA2MYR4;
				INFOPLIST_FILE = LicensePlateRecognitionTests/Info.plist;
				IPHONEOS_DEPLOYMENT_TARGET = 13.6;
				LD_RUNPATH_SEARCH_PATHS = (
					"$(inherited)",
					"@executable_path/Frameworks",
					"@loader_path/Frameworks",
				);
				PRODUCT_BUNDLE_IDENTIFIER = com.swiftstudent.LicensePlateRecognitionTests;
				PRODUCT_NAME = "$(TARGET_NAME)";
				SWIFT_VERSION = 5.0;
				TARGETED_DEVICE_FAMILY = "1,2";
				TEST_HOST = "$(BUILT_PRODUCTS_DIR)/LicensePlateRecognition.app/LicensePlateRecognition";
			};
			name = Debug;
		};
		04C4E5F42516482D00A2BD8F /* Release */ = {
			isa = XCBuildConfiguration;
			buildSettings = {
				ALWAYS_EMBED_SWIFT_STANDARD_LIBRARIES = YES;
				BUNDLE_LOADER = "$(TEST_HOST)";
				CODE_SIGN_STYLE = Automatic;
				DEVELOPMENT_TEAM = 94ZMA2MYR4;
				INFOPLIST_FILE = LicensePlateRecognitionTests/Info.plist;
				IPHONEOS_DEPLOYMENT_TARGET = 13.6;
				LD_RUNPATH_SEARCH_PATHS = (
					"$(inherited)",
					"@executable_path/Frameworks",
					"@loader_path/Frameworks",
				);
				PRODUCT_BUNDLE_IDENTIFIER = com.swiftstudent.LicensePlateRecognitionTests;
				PRODUCT_NAME = "$(TARGET_NAME)";
				SWIFT_VERSION = 5.0;
				TARGETED_DEVICE_FAMILY = "1,2";
				TEST_HOST = "$(BUILT_PRODUCTS_DIR)/LicensePlateRecognition.app/LicensePlateRecognition";
			};
			name = Release;
		};
/* End XCBuildConfiguration section */

/* Begin XCConfigurationList section */
		04C4E5CB2516482A00A2BD8F /* Build configuration list for PBXProject "LicensePlateRecognition" */ = {
			isa = XCConfigurationList;
			buildConfigurations = (
				04C4E5ED2516482D00A2BD8F /* Debug */,
				04C4E5EE2516482D00A2BD8F /* Release */,
			);
			defaultConfigurationIsVisible = 0;
			defaultConfigurationName = Release;
		};
		04C4E5EF2516482D00A2BD8F /* Build configuration list for PBXNativeTarget "LicensePlateRecognition" */ = {
			isa = XCConfigurationList;
			buildConfigurations = (
				04C4E5F02516482D00A2BD8F /* Debug */,
				04C4E5F12516482D00A2BD8F /* Release */,
			);
			defaultConfigurationIsVisible = 0;
			defaultConfigurationName = Release;
		};
		04C4E5F22516482D00A2BD8F /* Build configuration list for PBXNativeTarget "LicensePlateRecognitionTests" */ = {
			isa = XCConfigurationList;
			buildConfigurations = (
				04C4E5F32516482D00A2BD8F /* Debug */,
				04C4E5F42516482D00A2BD8F /* Release */,
			);
			defaultConfigurationIsVisible = 0;
			defaultConfigurationName = Release;
		};
/* End XCConfigurationList section */
	};
	rootObject = 04C4E5C82516482A00A2BD8F /* Project object */;
}
